
Microsoft Visual Studio Solution File, Format Version 12.00
# Visual Studio Version 17
VisualStudioVersion = 17.4.33110.190
MinimumVisualStudioVersion = 10.0.40219.1
Project("{FAE04EC0-301F-11D3-BF4B-00C04F79EFBC}") = "Download Excel File", "Download Excel File\Download Excel File.csproj", "{FDBDC2D5-514B-44C0-B9E5-DC2AC4265C58}"
EndProject
Global
	GlobalSection(SolutionConfigurationPlatforms) = preSolution
		Debug|Any CPU = Debug|Any CPU
		Release|Any CPU = Release|Any CPU
	EndGlobalSection
	GlobalSection(ProjectConfigurationPlatforms) = postSolution
		{FDBDC2D5-514B-44C0-B9E5-DC2AC4265C58}.Debug|Any CPU.ActiveCfg = Debug|Any CPU
		{FDBDC2D5-514B-44C0-B9E5-DC2AC4265C58}.Debug|Any CPU.Build.0 = Debug|Any CPU
		{FDBDC2D5-514B-44C0-B9E5-DC2AC4265C58}.Release|Any CPU.ActiveCfg = Release|Any CPU
		{FDBDC2D5-514B-44C0-B9E5-DC2AC4265C58}.Release|Any CPU.Build.0 = Release|Any CPU
	EndGlobalSection
	GlobalSection(SolutionProperties) = preSolution
		HideSolutionNode = FALSE
	EndGlobalSection
	GlobalSection(ExtensibilityGlobals) = postSolution
		SolutionGuid = {429808C5-A525-4121-B4B2-A16637DDC4DD}
	EndGlobalSection
EndGlobal
